<?xml version="1.0" encoding="utf-8"?>
<Project ToolsVersion="4.0" xmlns="http://schemas.microsoft.com/developer/msbuild/2003">
  <ItemGroup>
    <Filter Include="Source Files">
      <UniqueIdentifier>{4FC737F1-C7A5-4376-A066-2A32D752A2FF}</UniqueIdentifier>
      <Extensions>cpp;c;cc;cxx;def;odl;idl;hpj;bat;asm;asmx</Extensions>
    </Filter>
    <Filter Include="Header Files">
      <UniqueIdentifier>{93995380-89BD-4b04-88EB-625FBE52EBFB}</UniqueIdentifier>
      <Extensions>h;hpp;hxx;hm;inl;inc;xsd</Extensions>
    </Filter>
    <Filter Include="Resource Files">
      <UniqueIdentifier>{67DA6AB6-F800-4c08-8B7A-83BB121AAD01}</UniqueIdentifier>
      <Extensions>rc;ico;cur;bmp;dlg;rc2;rct;bin;rgs;gif;jpg;jpeg;jpe;resx;tiff;tif;png;wav;mfcribbon-ms</Extensions>
    </Filter>
    <Filter Include="OpenAL">
      <UniqueIdentifier>{baaf03bb-bf91-4369-9950-d46b13bf1d42}</UniqueIdentifier>
    </Filter>
  </ItemGroup>
  <ItemGroup>
    <ClInclude Include="Variables.h">
      <Filter>Header Files</Filter>
    </ClInclude>
    <ClInclude Include="Camera.h">
      <Filter>Header Files</Filter>
    </ClInclude>
    <ClInclude Include="vBox.h">
      <Filter>Header Files</Filter>
    </ClInclude>
    <ClInclude Include="vObject.h">
      <Filter>Header Files</Filter>
    </ClInclude>
    <ClInclude Include="vRender.h">
      <Filter>Header Files</Filter>
    </ClInclude>
    <ClInclude Include="vSky.h">
      <Filter>Header Files</Filter>
    </ClInclude>
    <ClInclude Include="vSphere.h">
      <Filter>Header Files</Filter>
    </ClInclude>
    <ClInclude Include="vAudio.h">
      <Filter>Header Files</Filter>
    </ClInclude>
    <ClInclude Include="OpenAL\LoadOAL.h">
      <Filter>OpenAL</Filter>
    </ClInclude>
    <ClInclude Include="OpenAL\aldlist.h">
      <Filter>OpenAL</Filter>
    </ClInclude>
    <ClInclude Include="vOggMemory.h">
      <Filter>Header Files</Filter>
    </ClInclude>
  </ItemGroup>
  <ItemGroup>
    <ClCompile Include="Variables.cpp">
      <Filter>Source Files</Filter>
    </ClCompile>
    <ClCompile Include="Camera.cpp">
      <Filter>Source Files</Filter>
    </ClCompile>
    <ClCompile Include="vBox.cpp">
      <Filter>Source Files</Filter>
    </ClCompile>
    <ClCompile Include="vObject.cpp">
      <Filter>Source Files</Filter>
    </ClCompile>
    <ClCompile Include="vRender.cpp">
      <Filter>Source Files</Filter>
    </ClCompile>
    <ClCompile Include="vSky.cpp">
      <Filter>Source Files</Filter>
    </ClCompile>
    <ClCompile Include="vSphere.cpp">
      <Filter>Source Files</Filter>
    </ClCompile>
    <ClCompile Include="vAudio.cpp">
      <Filter>Source Files</Filter>
    </ClCompile>
    <ClCompile Include="OpenAL\LoadOAL.cpp">
      <Filter>OpenAL</Filter>
    </ClCompile>
    <ClCompile Include="OpenAL\aldlist.cpp">
      <Filter>OpenAL</Filter>
    </ClCompile>
    <ClCompile Include="vOggMemory.cpp">
      <Filter>Source Files</Filter>
    </ClCompile>
  </ItemGroup>
</Project>